
Microsoft Visual Studio Solution File, Format Version 12.00
# Visual Studio 14
VisualStudioVersion = 14.0.24720.0
MinimumVisualStudioVersion = 10.0.40219.1
Project("{FAE04EC0-301F-11D3-BF4B-00C04F79EFBC}") = "Main", "Main\Main.csproj", "{489743F0-A69D-4704-85AE-47AD0A2B2B5B}"
	ProjectSection(ProjectDependencies) = postProject
		{FFA2CC82-313B-481C-BA0C-35AD22281BF2} = {FFA2CC82-313B-481C-BA0C-35AD22281BF2}
	EndProjectSection
EndProject
Project("{FAE04EC0-301F-11D3-BF4B-00C04F79EFBC}") = "mpDataBase", "mpDataBase\mpDataBase.csproj", "{FFA2CC82-313B-481C-BA0C-35AD22281BF2}"
EndProject
Project("{FAE04EC0-301F-11D3-BF4B-00C04F79EFBC}") = "api", "..\api\api\api.csproj", "{6AB8A29C-FABA-4F1D-B547-0EFBA88762EE}"
EndProject
Global
	GlobalSection(SolutionConfigurationPlatforms) = preSolution
		Debug|Any CPU = Debug|Any CPU
		Debug|ARM = Debug|ARM
		Debug|x64 = Debug|x64
		Debug|x86 = Debug|x86
		Release|Any CPU = Release|Any CPU
		Release|ARM = Release|ARM
		Release|x64 = Release|x64
		Release|x86 = Release|x86
	EndGlobalSection
	GlobalSection(ProjectConfigurationPlatforms) = postSolution
		{489743F0-A69D-4704-85AE-47AD0A2B2B5B}.Debug|Any CPU.ActiveCfg = Debug|Any CPU
		{489743F0-A69D-4704-85AE-47AD0A2B2B5B}.Debug|Any CPU.Build.0 = Debug|Any CPU
		{489743F0-A69D-4704-85AE-47AD0A2B2B5B}.Debug|ARM.ActiveCfg = Debug|Any CPU
		{489743F0-A69D-4704-85AE-47AD0A2B2B5B}.Debug|ARM.Build.0 = Debug|Any CPU
		{489743F0-A69D-4704-85AE-47AD0A2B2B5B}.Debug|x64.ActiveCfg = Debug|Any CPU
		{489743F0-A69D-4704-85AE-47AD0A2B2B5B}.Debug|x64.Build.0 = Debug|Any CPU
		{489743F0-A69D-4704-85AE-47AD0A2B2B5B}.Debug|x86.ActiveCfg = Debug|Any CPU
		{489743F0-A69D-4704-85AE-47AD0A2B2B5B}.Debug|x86.Build.0 = Debug|Any CPU
		{489743F0-A69D-4704-85AE-47AD0A2B2B5B}.Release|Any CPU.ActiveCfg = Release|Any CPU
		{489743F0-A69D-4704-85AE-47AD0A2B2B5B}.Release|Any CPU.Build.0 = Release|Any CPU
		{489743F0-A69D-4704-85AE-47AD0A2B2B5B}.Release|ARM.ActiveCfg = Release|Any CPU
		{489743F0-A69D-4704-85AE-47AD0A2B2B5B}.Release|ARM.Build.0 = Release|Any CPU
		{489743F0-A69D-4704-85AE-47AD0A2B2B5B}.Release|x64.ActiveCfg = Release|Any CPU
		{489743F0-A69D-4704-85AE-47AD0A2B2B5B}.Release|x64.Build.0 = Release|Any CPU
		{489743F0-A69D-4704-85AE-47AD0A2B2B5B}.Release|x86.ActiveCfg = Release|Any CPU
		{489743F0-A69D-4704-85AE-47AD0A2B2B5B}.Release|x86.Build.0 = Release|Any CPU
		{FFA2CC82-313B-481C-BA0C-35AD22281BF2}.Debug|Any CPU.ActiveCfg = Debug|Any CPU
		{FFA2CC82-313B-481C-BA0C-35AD22281BF2}.Debug|Any CPU.Build.0 = Debug|Any CPU
		{FFA2CC82-313B-481C-BA0C-35AD22281BF2}.Debug|ARM.ActiveCfg = Debug|Any CPU
		{FFA2CC82-313B-481C-BA0C-35AD22281BF2}.Debug|ARM.Build.0 = Debug|Any CPU
		{FFA2CC82-313B-481C-BA0C-35AD22281BF2}.Debug|x64.ActiveCfg = Debug|Any CPU
		{FFA2CC82-313B-481C-BA0C-35AD22281BF2}.Debug|x64.Build.0 = Debug|Any CPU
		{FFA2CC82-313B-481C-BA0C-35AD22281BF2}.Debug|x86.ActiveCfg = Debug|Any CPU
		{FFA2CC82-313B-481C-BA0C-35AD22281BF2}.Debug|x86.Build.0 = Debug|Any CPU
		{FFA2CC82-313B-481C-BA0C-35AD22281BF2}.Release|Any CPU.ActiveCfg = Release|Any CPU
		{FFA2CC82-313B-481C-BA0C-35AD22281BF2}.Release|Any CPU.Build.0 = Release|Any CPU
		{FFA2CC82-313B-481C-BA0C-35AD22281BF2}.Release|ARM.ActiveCfg = Release|Any CPU
		{FFA2CC82-313B-481C-BA0C-35AD22281BF2}.Release|ARM.Build.0 = Release|Any CPU
		{FFA2CC82-313B-481C-BA0C-35AD22281BF2}.Release|x64.ActiveCfg = Release|Any CPU
		{FFA2CC82-313B-481C-BA0C-35AD22281BF2}.Release|x64.Build.0 = Release|Any CPU
		{FFA2CC82-313B-481C-BA0C-35AD22281BF2}.Release|x86.ActiveCfg = Release|Any CPU
		{FFA2CC82-313B-481C-BA0C-35AD22281BF2}.Release|x86.Build.0 = Release|Any CPU
		{6AB8A29C-FABA-4F1D-B547-0EFBA88762EE}.Debug|Any CPU.ActiveCfg = Debug|Any CPU
		{6AB8A29C-FABA-4F1D-B547-0EFBA88762EE}.Debug|Any CPU.Build.0 = Debug|Any CPU
		{6AB8A29C-FABA-4F1D-B547-0EFBA88762EE}.Debug|ARM.ActiveCfg = Debug|Any CPU
		{6AB8A29C-FABA-4F1D-B547-0EFBA88762EE}.Debug|ARM.Build.0 = Debug|Any CPU
		{6AB8A29C-FABA-4F1D-B547-0EFBA88762EE}.Debug|x64.ActiveCfg = Debug|Any CPU
		{6AB8A29C-FABA-4F1D-B547-0EFBA88762EE}.Debug|x64.Build.0 = Debug|Any CPU
		{6AB8A29C-FABA-4F1D-B547-0EFBA88762EE}.Debug|x86.ActiveCfg = Debug|Any CPU
		{6AB8A29C-FABA-4F1D-B547-0EFBA88762EE}.Debug|x86.Build.0 = Debug|Any CPU
		{6AB8A29C-FABA-4F1D-B547-0EFBA88762EE}.Release|Any CPU.ActiveCfg = Release|Any CPU
		{6AB8A29C-FABA-4F1D-B547-0EFBA88762EE}.Release|Any CPU.Build.0 = Release|Any CPU
		{6AB8A29C-FABA-4F1D-B547-0EFBA88762EE}.Release|ARM.ActiveCfg = Release|Any CPU
		{6AB8A29C-FABA-4F1D-B547-0EFBA88762EE}.Release|ARM.Build.0 = Release|Any CPU
		{6AB8A29C-FABA-4F1D-B547-0EFBA88762EE}.Release|x64.ActiveCfg = Release|Any CPU
		{6AB8A29C-FABA-4F1D-B547-0EFBA88762EE}.Release|x64.Build.0 = Release|Any CPU
		{6AB8A29C-FABA-4F1D-B547-0EFBA88762EE}.Release|x86.ActiveCfg = Release|Any CPU
		{6AB8A29C-FABA-4F1D-B547-0EFBA88762EE}.Release|x86.Build.0 = Release|Any CPU
	EndGlobalSection
	GlobalSection(SolutionProperties) = preSolution
		HideSolutionNode = FALSE
	EndGlobalSection
EndGlobal
